
Microsoft Visual Studio Solution File, Format Version 12.00
# Visual Studio Version 17
VisualStudioVersion = 17.4.33103.184
MinimumVisualStudioVersion = 10.0.40219.1
Project("{9A19103F-16F7-4668-BE54-9A1E7A4F7556}") = "Curtains.Api", "Curtains.Api\Curtains.Api.csproj", "{04B8520F-1200-48FE-B935-0BAD699BBB5D}"
EndProject
Project("{9A19103F-16F7-4668-BE54-9A1E7A4F7556}") = "Curtains.Application", "Curtains.Application\Curtains.Application.csproj", "{68AB9D65-E96D-437D-9856-835DDDAEB5A1}"
EndProject
Project("{9A19103F-16F7-4668-BE54-9A1E7A4F7556}") = "Curtains.Infrastructure", "Curtains.Infrastructure\Curtains.Infrastructure.csproj", "{7A6CFA06-AAF2-46CF-97CD-05F402E28EAE}"
EndProject
Project("{9A19103F-16F7-4668-BE54-9A1E7A4F7556}") = "Curtains.Domain", "Curtains.Domain\Curtains.Domain.csproj", "{6BD3A90B-D007-4D73-AE8B-8D12B7ACCE2C}"
EndProject
Project("{E53339B2-1760-4266-BCC7-CA923CBCF16C}") = "docker-compose", "docker-compose.dcproj", "{ABB38CC7-032E-4BCE-A06C-792F76A0095D}"
EndProject
Global
	GlobalSection(SolutionConfigurationPlatforms) = preSolution
		Debug|Any CPU = Debug|Any CPU
		Release|Any CPU = Release|Any CPU
	EndGlobalSection
	GlobalSection(ProjectConfigurationPlatforms) = postSolution
		{04B8520F-1200-48FE-B935-0BAD699BBB5D}.Debug|Any CPU.ActiveCfg = Debug|Any CPU
		{04B8520F-1200-48FE-B935-0BAD699BBB5D}.Debug|Any CPU.Build.0 = Debug|Any CPU
		{04B8520F-1200-48FE-B935-0BAD699BBB5D}.Release|Any CPU.ActiveCfg = Release|Any CPU
		{04B8520F-1200-48FE-B935-0BAD699BBB5D}.Release|Any CPU.Build.0 = Release|Any CPU
		{68AB9D65-E96D-437D-9856-835DDDAEB5A1}.Debug|Any CPU.ActiveCfg = Debug|Any CPU
		{68AB9D65-E96D-437D-9856-835DDDAEB5A1}.Debug|Any CPU.Build.0 = Debug|Any CPU
		{68AB9D65-E96D-437D-9856-835DDDAEB5A1}.Release|Any CPU.ActiveCfg = Release|Any CPU
		{68AB9D65-E96D-437D-9856-835DDDAEB5A1}.Release|Any CPU.Build.0 = Release|Any CPU
		{7A6CFA06-AAF2-46CF-97CD-05F402E28EAE}.Debug|Any CPU.ActiveCfg = Debug|Any CPU
		{7A6CFA06-AAF2-46CF-97CD-05F402E28EAE}.Debug|Any CPU.Build.0 = Debug|Any CPU
		{7A6CFA06-AAF2-46CF-97CD-05F402E28EAE}.Release|Any CPU.ActiveCfg = Release|Any CPU
		{7A6CFA06-AAF2-46CF-97CD-05F402E28EAE}.Release|Any CPU.Build.0 = Release|Any CPU
		{6BD3A90B-D007-4D73-AE8B-8D12B7ACCE2C}.Debug|Any CPU.ActiveCfg = Debug|Any CPU
		{6BD3A90B-D007-4D73-AE8B-8D12B7ACCE2C}.Debug|Any CPU.Build.0 = Debug|Any CPU
		{6BD3A90B-D007-4D73-AE8B-8D12B7ACCE2C}.Release|Any CPU.ActiveCfg = Release|Any CPU
		{6BD3A90B-D007-4D73-AE8B-8D12B7ACCE2C}.Release|Any CPU.Build.0 = Release|Any CPU
		{ABB38CC7-032E-4BCE-A06C-792F76A0095D}.Debug|Any CPU.ActiveCfg = Debug|Any CPU
		{ABB38CC7-032E-4BCE-A06C-792F76A0095D}.Debug|Any CPU.Build.0 = Debug|Any CPU
		{ABB38CC7-032E-4BCE-A06C-792F76A0095D}.Release|Any CPU.ActiveCfg = Release|Any CPU
		{ABB38CC7-032E-4BCE-A06C-792F76A0095D}.Release|Any CPU.Build.0 = Release|Any CPU
	EndGlobalSection
	GlobalSection(SolutionProperties) = preSolution
		HideSolutionNode = FALSE
	EndGlobalSection
	GlobalSection(ExtensibilityGlobals) = postSolution
		SolutionGuid = {F4A87BF9-BCBC-4134-8617-E4C5B6F7D861}
	EndGlobalSection
EndGlobal
